
Microsoft Visual Studio Solution File, Format Version 12.00
# Visual Studio Version 16
VisualStudioVersion = 16.0.31105.61
MinimumVisualStudioVersion = 10.0.40219.1
Project("{FAE04EC0-301F-11D3-BF4B-00C04F79EFBC}") = "Projekt", "Projekt.csproj", "{1D9DAB5E-1ACB-4DF0-AE46-C6A6F34834BE}"
EndProject
Project("{FAE04EC0-301F-11D3-BF4B-00C04F79EFBC}") = "Projekt.UnitTests", "..\Projekt.UnitTests\Projekt.UnitTests.csproj", "{502ABCD4-8C14-40C4-B386-A4F9AA31C3AD}"
EndProject
Global
	GlobalSection(SolutionConfigurationPlatforms) = preSolution
		Debug|Any CPU = Debug|Any CPU
		Release|Any CPU = Release|Any CPU
	EndGlobalSection
	GlobalSection(ProjectConfigurationPlatforms) = postSolution
		{1D9DAB5E-1ACB-4DF0-AE46-C6A6F34834BE}.Debug|Any CPU.ActiveCfg = Debug|Any CPU
		{1D9DAB5E-1ACB-4DF0-AE46-C6A6F34834BE}.Debug|Any CPU.Build.0 = Debug|Any CPU
		{1D9DAB5E-1ACB-4DF0-AE46-C6A6F34834BE}.Release|Any CPU.ActiveCfg = Release|Any CPU
		{1D9DAB5E-1ACB-4DF0-AE46-C6A6F34834BE}.Release|Any CPU.Build.0 = Release|Any CPU
		{502ABCD4-8C14-40C4-B386-A4F9AA31C3AD}.Debug|Any CPU.ActiveCfg = Debug|Any CPU
		{502ABCD4-8C14-40C4-B386-A4F9AA31C3AD}.Debug|Any CPU.Build.0 = Debug|Any CPU
		{502ABCD4-8C14-40C4-B386-A4F9AA31C3AD}.Release|Any CPU.ActiveCfg = Release|Any CPU
		{502ABCD4-8C14-40C4-B386-A4F9AA31C3AD}.Release|Any CPU.Build.0 = Release|Any CPU
	EndGlobalSection
	GlobalSection(SolutionProperties) = preSolution
		HideSolutionNode = FALSE
	EndGlobalSection
	GlobalSection(ExtensibilityGlobals) = postSolution
		SolutionGuid = {16D3141A-D325-4DEC-9D3A-8FF7BF45522A}
	EndGlobalSection
	GlobalSection(NestedProjects) = preSolution
	EndGlobalSection
EndGlobal
